
Microsoft Visual Studio Solution File, Format Version 12.00
# Visual Studio Version 17
VisualStudioVersion = 17.8.34316.72
MinimumVisualStudioVersion = 10.0.40219.1
Project("{FAE04EC0-301F-11D3-BF4B-00C04F79EFBC}") = "SMSReceiver", "SMSReceiver\SMSReceiver.csproj", "{59F7D3B3-D934-490E-B16A-759F1F2302CA}"
EndProject
Global
	GlobalSection(SolutionConfigurationPlatforms) = preSolution
		Debug|Any CPU = Debug|Any CPU
		Release|Any CPU = Release|Any CPU
	EndGlobalSection
	GlobalSection(ProjectConfigurationPlatforms) = postSolution
		{59F7D3B3-D934-490E-B16A-759F1F2302CA}.Debug|Any CPU.ActiveCfg = Debug|Any CPU
		{59F7D3B3-D934-490E-B16A-759F1F2302CA}.Debug|Any CPU.Build.0 = Debug|Any CPU
		{59F7D3B3-D934-490E-B16A-759F1F2302CA}.Release|Any CPU.ActiveCfg = Release|Any CPU
		{59F7D3B3-D934-490E-B16A-759F1F2302CA}.Release|Any CPU.Build.0 = Release|Any CPU
	EndGlobalSection
	GlobalSection(SolutionProperties) = preSolution
		HideSolutionNode = FALSE
	EndGlobalSection
	GlobalSection(ExtensibilityGlobals) = postSolution
		SolutionGuid = {AE102268-2DEE-4F1D-A00A-67F46D00E3CC}
	EndGlobalSection
EndGlobal
